// !$*UTF8*$!
{
	archiveVersion = 1;
	classes = {
	};
	objectVersion = 56;
	objects = {

/* Begin PBXBuildFile section */
		CCD754FD2AB39734002673F6 /* PlacesIveBeenApp.swift in Sources */ = {isa = PBXBuildFile; fileRef = CCD754FC2AB39734002673F6 /* PlacesIveBeenApp.swift */; };
		CCD754FF2AB39734002673F6 /* ListView.swift in Sources */ = {isa = PBXBuildFile; fileRef = CCD754FE2AB39734002673F6 /* ListView.swift */; };
		CCD755012AB39736002673F6 /* Assets.xcassets in Resources */ = {isa = PBXBuildFile; fileRef = CCD755002AB39736002673F6 /* Assets.xcassets */; };
		CCD755042AB39736002673F6 /* Preview Assets.xcassets in Resources */ = {isa = PBXBuildFile; fileRef = CCD755032AB39736002673F6 /* Preview Assets.xcassets */; };
		CCD7550B2AB39945002673F6 /* GoogleService-Info.plist in Resources */ = {isa = PBXBuildFile; fileRef = CCD7550A2AB39945002673F6 /* GoogleService-Info.plist */; };
		CCD7550E2AB39ADA002673F6 /* FirebaseAuth in Frameworks */ = {isa = PBXBuildFile; productRef = CCD7550D2AB39ADA002673F6 /* FirebaseAuth */; };
		CCD755102AB39ADA002673F6 /* FirebaseFirestore in Frameworks */ = {isa = PBXBuildFile; productRef = CCD7550F2AB39ADA002673F6 /* FirebaseFirestore */; };
		CCD755122AB39ADA002673F6 /* FirebaseFirestoreSwift in Frameworks */ = {isa = PBXBuildFile; productRef = CCD755112AB39ADA002673F6 /* FirebaseFirestoreSwift */; };
		CCD755142AB39ADA002673F6 /* FirebaseStorage in Frameworks */ = {isa = PBXBuildFile; productRef = CCD755132AB39ADA002673F6 /* FirebaseStorage */; };
		CCD755162AB39E89002673F6 /* LoginView.swift in Sources */ = {isa = PBXBuildFile; fileRef = CCD755152AB39E89002673F6 /* LoginView.swift */; };
		CCD755182AB3A6B8002673F6 /* Place.swift in Sources */ = {isa = PBXBuildFile; fileRef = CCD755172AB3A6B8002673F6 /* Place.swift */; };
		CCDACC7F2AB4F825007DD6CA /* PlaceViewModel.swift in Sources */ = {isa = PBXBuildFile; fileRef = CCDACC7E2AB4F825007DD6CA /* PlaceViewModel.swift */; };
		CCDACC812AB4FCE8007DD6CA /* DetailView.swift in Sources */ = {isa = PBXBuildFile; fileRef = CCDACC802AB4FCE8007DD6CA /* DetailView.swift */; };
/* End PBXBuildFile section */

/* Begin PBXFileReference section */
		CCD754F92AB39734002673F6 /* PlacesIveBeen.app */ = {isa = PBXFileReference; explicitFileType = wrapper.application; includeInIndex = 0; path = PlacesIveBeen.app; sourceTree = BUILT_PRODUCTS_DIR; };
		CCD754FC2AB39734002673F6 /* PlacesIveBeenApp.swift */ = {isa = PBXFileReference; lastKnownFileType = sourcecode.swift; path = PlacesIveBeenApp.swift; sourceTree = "<group>"; };
		CCD754FE2AB39734002673F6 /* ListView.swift */ = {isa = PBXFileReference; lastKnownFileType = sourcecode.swift; path = ListView.swift; sourceTree = "<group>"; };
		CCD755002AB39736002673F6 /* Assets.xcassets */ = {isa = PBXFileReference; lastKnownFileType = folder.assetcatalog; path = Assets.xcassets; sourceTree = "<group>"; };
		CCD755032AB39736002673F6 /* Preview Assets.xcassets */ = {isa = PBXFileReference; lastKnownFileType = folder.assetcatalog; path = "Preview Assets.xcassets"; sourceTree = "<group>"; };
		CCD7550A2AB39945002673F6 /* GoogleService-Info.plist */ = {isa = PBXFileReference; fileEncoding = 4; lastKnownFileType = text.plist.xml; path = "GoogleService-Info.plist"; sourceTree = "<group>"; };
		CCD755152AB39E89002673F6 /* LoginView.swift */ = {isa = PBXFileReference; lastKnownFileType = sourcecode.swift; path = LoginView.swift; sourceTree = "<group>"; };
		CCD755172AB3A6B8002673F6 /* Place.swift */ = {isa = PBXFileReference; lastKnownFileType = sourcecode.swift; path = Place.swift; sourceTree = "<group>"; };
		CCDACC7E2AB4F825007DD6CA /* PlaceViewModel.swift */ = {isa = PBXFileReference; lastKnownFileType = sourcecode.swift; path = PlaceViewModel.swift; sourceTree = "<group>"; };
		CCDACC802AB4FCE8007DD6CA /* DetailView.swift */ = {isa = PBXFileReference; lastKnownFileType = sourcecode.swift; path = DetailView.swift; sourceTree = "<group>"; };
/* End PBXFileReference section */

/* Begin PBXFrameworksBuildPhase section */
		CCD754F62AB39734002673F6 /* Frameworks */ = {
			isa = PBXFrameworksBuildPhase;
			buildActionMask = 2147483647;
			files = (
				CCD7550E2AB39ADA002673F6 /* FirebaseAuth in Frameworks */,
				CCD755142AB39ADA002673F6 /* FirebaseStorage in Frameworks */,
				CCD755102AB39ADA002673F6 /* FirebaseFirestore in Frameworks */,
				CCD755122AB39ADA002673F6 /* FirebaseFirestoreSwift in Frameworks */,
			);
			runOnlyForDeploymentPostprocessing = 0;
		};
/* End PBXFrameworksBuildPhase section */

/* Begin PBXGroup section */
		CCD754F02AB39734002673F6 = {
			isa = PBXGroup;
			children = (
				CCD754FB2AB39734002673F6 /* PlacesIveBeen */,
				CCD754FA2AB39734002673F6 /* Products */,
			);
			sourceTree = "<group>";
		};
		CCD754FA2AB39734002673F6 /* Products */ = {
			isa = PBXGroup;
			children = (
				CCD754F92AB39734002673F6 /* PlacesIveBeen.app */,
			);
			name = Products;
			sourceTree = "<group>";
		};
		CCD754FB2AB39734002673F6 /* PlacesIveBeen */ = {
			isa = PBXGroup;
			children = (
				CCD754FC2AB39734002673F6 /* PlacesIveBeenApp.swift */,
				CCD755172AB3A6B8002673F6 /* Place.swift */,
				CCDACC7E2AB4F825007DD6CA /* PlaceViewModel.swift */,
				CCD755152AB39E89002673F6 /* LoginView.swift */,
				CCD754FE2AB39734002673F6 /* ListView.swift */,
				CCDACC802AB4FCE8007DD6CA /* DetailView.swift */,
				CCD755002AB39736002673F6 /* Assets.xcassets */,
				CCD7550A2AB39945002673F6 /* GoogleService-Info.plist */,
				CCD755022AB39736002673F6 /* Preview Content */,
			);
			path = PlacesIveBeen;
			sourceTree = "<group>";
		};
		CCD755022AB39736002673F6 /* Preview Content */ = {
			isa = PBXGroup;
			children = (
				CCD755032AB39736002673F6 /* Preview Assets.xcassets */,
			);
			path = "Preview Content";
			sourceTree = "<group>";
		};
/* End PBXGroup section */

/* Begin PBXNativeTarget section */
		CCD754F82AB39734002673F6 /* PlacesIveBeen */ = {
			isa = PBXNativeTarget;
			buildConfigurationList = CCD755072AB39736002673F6 /* Build configuration list for PBXNativeTarget "PlacesIveBeen" */;
			buildPhases = (
				CCD754F52AB39734002673F6 /* Sources */,
				CCD754F62AB39734002673F6 /* Frameworks */,
				CCD754F72AB39734002673F6 /* Resources */,
			);
			buildRules = (
			);
			dependencies = (
			);
			name = PlacesIveBeen;
			packageProductDependencies = (
				CCD7550D2AB39ADA002673F6 /* FirebaseAuth */,
				CCD7550F2AB39ADA002673F6 /* FirebaseFirestore */,
				CCD755112AB39ADA002673F6 /* FirebaseFirestoreSwift */,
				CCD755132AB39ADA002673F6 /* FirebaseStorage */,
			);
			productName = PlacesIveBeen;
			productReference = CCD754F92AB39734002673F6 /* PlacesIveBeen.app */;
			productType = "com.apple.product-type.application";
		};
/* End PBXNativeTarget section */

/* Begin PBXProject section */
		CCD754F12AB39734002673F6 /* Project object */ = {
			isa = PBXProject;
			attributes = {
				BuildIndependentTargetsInParallel = 1;
				LastSwiftUpdateCheck = 1430;
				LastUpgradeCheck = 1430;
				TargetAttributes = {
					CCD754F82AB39734002673F6 = {
						CreatedOnToolsVersion = 14.3.1;
					};
				};
			};
			buildConfigurationList = CCD754F42AB39734002673F6 /* Build configuration list for PBXProject "PlacesIveBeen" */;
			compatibilityVersion = "Xcode 14.0";
			developmentRegion = en;
			hasScannedForEncodings = 0;
			knownRegions = (
				en,
				Base,
			);
			mainGroup = CCD754F02AB39734002673F6;
			packageReferences = (
				CCD7550C2AB39ADA002673F6 /* XCRemoteSwiftPackageReference "firebase-ios-sdk" */,
			);
			productRefGroup = CCD754FA2AB39734002673F6 /* Products */;
			projectDirPath = "";
			projectRoot = "";
			targets = (
				CCD754F82AB39734002673F6 /* PlacesIveBeen */,
			);
		};
/* End PBXProject section */

/* Begin PBXResourcesBuildPhase section */
		CCD754F72AB39734002673F6 /* Resources */ = {
			isa = PBXResourcesBuildPhase;
			buildActionMask = 2147483647;
			files = (
				CCD755042AB39736002673F6 /* Preview Assets.xcassets in Resources */,
				CCD755012AB39736002673F6 /* Assets.xcassets in Resources */,
				CCD7550B2AB39945002673F6 /* GoogleService-Info.plist in Resources */,
			);
			runOnlyForDeploymentPostprocessing = 0;
		};
/* End PBXResourcesBuildPhase section */

/* Begin PBXSourcesBuildPhase section */
		CCD754F52AB39734002673F6 /* Sources */ = {
			isa = PBXSourcesBuildPhase;
			buildActionMask = 2147483647;
			files = (
				CCD755162AB39E89002673F6 /* LoginView.swift in Sources */,
				CCDACC812AB4FCE8007DD6CA /* DetailView.swift in Sources */,
				CCDACC7F2AB4F825007DD6CA /* PlaceViewModel.swift in Sources */,
				CCD754FF2AB39734002673F6 /* ListView.swift in Sources */,
				CCD754FD2AB39734002673F6 /* PlacesIveBeenApp.swift in Sources */,
				CCD755182AB3A6B8002673F6 /* Place.swift in Sources */,
			);
			runOnlyForDeploymentPostprocessing = 0;
		};
/* End PBXSourcesBuildPhase section */

/* Begin XCBuildConfiguration section */
		CCD755052AB39736002673F6 /* Debug */ = {
			isa = XCBuildConfiguration;
			buildSettings = {
				ALWAYS_SEARCH_USER_PATHS = NO;
				CLANG_ANALYZER_NONNULL = YES;
				CLANG_ANALYZER_NUMBER_OBJECT_CONVERSION = YES_AGGRESSIVE;
				CLANG_CXX_LANGUAGE_STANDARD = "gnu++20";
				CLANG_ENABLE_MODULES = YES;
				CLANG_ENABLE_OBJC_ARC = YES;
				CLANG_ENABLE_OBJC_WEAK = YES;
				CLANG_WARN_BLOCK_CAPTURE_AUTORELEASING = YES;
				CLANG_WARN_BOOL_CONVERSION = YES;
				CLANG_WARN_COMMA = YES;
				CLANG_WARN_CONSTANT_CONVERSION = YES;
				CLANG_WARN_DEPRECATED_OBJC_IMPLEMENTATIONS = YES;
				CLANG_WARN_DIRECT_OBJC_ISA_USAGE = YES_ERROR;
				CLANG_WARN_DOCUMENTATION_COMMENTS = YES;
				CLANG_WARN_EMPTY_BODY = YES;
				CLANG_WARN_ENUM_CONVERSION = YES;
				CLANG_WARN_INFINITE_RECURSION = YES;
				CLANG_WARN_INT_CONVERSION = YES;
				CLANG_WARN_NON_LITERAL_NULL_CONVERSION = YES;
				CLANG_WARN_OBJC_IMPLICIT_RETAIN_SELF = YES;
				CLANG_WARN_OBJC_LITERAL_CONVERSION = YES;
				CLANG_WARN_OBJC_ROOT_CLASS = YES_ERROR;
				CLANG_WARN_QUOTED_INCLUDE_IN_FRAMEWORK_HEADER = YES;
				CLANG_WARN_RANGE_LOOP_ANALYSIS = YES;
				CLANG_WARN_STRICT_PROTOTYPES = YES;
				CLANG_WARN_SUSPICIOUS_MOVE = YES;
				CLANG_WARN_UNGUARDED_AVAILABILITY = YES_AGGRESSIVE;
				CLANG_WARN_UNREACHABLE_CODE = YES;
				CLANG_WARN__DUPLICATE_METHOD_MATCH = YES;
				COPY_PHASE_STRIP = NO;
				DEBUG_INFORMATION_FORMAT = dwarf;
				ENABLE_STRICT_OBJC_MSGSEND = YES;
				ENABLE_TESTABILITY = YES;
				GCC_C_LANGUAGE_STANDARD = gnu11;
				GCC_DYNAMIC_NO_PIC = NO;
				GCC_NO_COMMON_BLOCKS = YES;
				GCC_OPTIMIZATION_LEVEL = 0;
				GCC_PREPROCESSOR_DEFINITIONS = (
					"DEBUG=1",
					"$(inherited)",
				);
				GCC_WARN_64_TO_32_BIT_CONVERSION = YES;
				GCC_WARN_ABOUT_RETURN_TYPE = YES_ERROR;
				GCC_WARN_UNDECLARED_SELECTOR = YES;
				GCC_WARN_UNINITIALIZED_AUTOS = YES_AGGRESSIVE;
				GCC_WARN_UNUSED_FUNCTION = YES;
				GCC_WARN_UNUSED_VARIABLE = YES;
				IPHONEOS_DEPLOYMENT_TARGET = 16.4;
				MTL_ENABLE_DEBUG_INFO = INCLUDE_SOURCE;
				MTL_FAST_MATH = YES;
				ONLY_ACTIVE_ARCH = YES;
				SDKROOT = iphoneos;
				SWIFT_ACTIVE_COMPILATION_CONDITIONS = DEBUG;
				SWIFT_OPTIMIZATION_LEVEL = "-Onone";
			};
			name = Debug;
		};
		CCD755062AB39736002673F6 /* Release */ = {
			isa = XCBuildConfiguration;
			buildSettings = {
				ALWAYS_SEARCH_USER_PATHS = NO;
				CLANG_ANALYZER_NONNULL = YES;
				CLANG_ANALYZER_NUMBER_OBJECT_CONVERSION = YES_AGGRESSIVE;
				CLANG_CXX_LANGUAGE_STANDARD = "gnu++20";
				CLANG_ENABLE_MODULES = YES;
				CLANG_ENABLE_OBJC_ARC = YES;
				CLANG_ENABLE_OBJC_WEAK = YES;
				CLANG_WARN_BLOCK_CAPTURE_AUTORELEASING = YES;
				CLANG_WARN_BOOL_CONVERSION = YES;
				CLANG_WARN_COMMA = YES;
				CLANG_WARN_CONSTANT_CONVERSION = YES;
				CLANG_WARN_DEPRECATED_OBJC_IMPLEMENTATIONS = YES;
				CLANG_WARN_DIRECT_OBJC_ISA_USAGE = YES_ERROR;
				CLANG_WARN_DOCUMENTATION_COMMENTS = YES;
				CLANG_WARN_EMPTY_BODY = YES;
				CLANG_WARN_ENUM_CONVERSION = YES;
				CLANG_WARN_INFINITE_RECURSION = YES;
				CLANG_WARN_INT_CONVERSION = YES;
				CLANG_WARN_NON_LITERAL_NULL_CONVERSION = YES;
				CLANG_WARN_OBJC_IMPLICIT_RETAIN_SELF = YES;
				CLANG_WARN_OBJC_LITERAL_CONVERSION = YES;
				CLANG_WARN_OBJC_ROOT_CLASS = YES_ERROR;
				CLANG_WARN_QUOTED_INCLUDE_IN_FRAMEWORK_HEADER = YES;
				CLANG_WARN_RANGE_LOOP_ANALYSIS = YES;
				CLANG_WARN_STRICT_PROTOTYPES = YES;
				CLANG_WARN_SUSPICIOUS_MOVE = YES;
				CLANG_WARN_UNGUARDED_AVAILABILITY = YES_AGGRESSIVE;
				CLANG_WARN_UNREACHABLE_CODE = YES;
				CLANG_WARN__DUPLICATE_METHOD_MATCH = YES;
				COPY_PHASE_STRIP = NO;
				DEBUG_INFORMATION_FORMAT = "dwarf-with-dsym";
				ENABLE_NS_ASSERTIONS = NO;
				ENABLE_STRICT_OBJC_MSGSEND = YES;
				GCC_C_LANGUAGE_STANDARD = gnu11;
				GCC_NO_COMMON_BLOCKS = YES;
				GCC_WARN_64_TO_32_BIT_CONVERSION = YES;
				GCC_WARN_ABOUT_RETURN_TYPE = YES_ERROR;
				GCC_WARN_UNDECLARED_SELECTOR = YES;
				GCC_WARN_UNINITIALIZED_AUTOS = YES_AGGRESSIVE;
				GCC_WARN_UNUSED_FUNCTION = YES;
				GCC_WARN_UNUSED_VARIABLE = YES;
				IPHONEOS_DEPLOYMENT_TARGET = 16.4;
				MTL_ENABLE_DEBUG_INFO = NO;
				MTL_FAST_MATH = YES;
				SDKROOT = iphoneos;
				SWIFT_COMPILATION_MODE = wholemodule;
				SWIFT_OPTIMIZATION_LEVEL = "-O";
				VALIDATE_PRODUCT = YES;
			};
			name = Release;
		};
		CCD755082AB39736002673F6 /* Debug */ = {
			isa = XCBuildConfiguration;
			buildSettings = {
				ASSETCATALOG_COMPILER_APPICON_NAME = AppIcon;
				ASSETCATALOG_COMPILER_GLOBAL_ACCENT_COLOR_NAME = AccentColor;
				CODE_SIGN_STYLE = Automatic;
				CURRENT_PROJECT_VERSION = 1;
				DEVELOPMENT_ASSET_PATHS = "\"PlacesIveBeen/Preview Content\"";
				DEVELOPMENT_TEAM = 664FMHC4VF;
				ENABLE_PREVIEWS = YES;
				GENERATE_INFOPLIST_FILE = YES;
				INFOPLIST_KEY_CFBundleDisplayName = "Places I've Been";
				INFOPLIST_KEY_UIApplicationSceneManifest_Generation = YES;
				INFOPLIST_KEY_UIApplicationSupportsIndirectInputEvents = YES;
				INFOPLIST_KEY_UILaunchScreen_Generation = YES;
				INFOPLIST_KEY_UISupportedInterfaceOrientations_iPad = "UIInterfaceOrientationPortrait UIInterfaceOrientationPortraitUpsideDown UIInterfaceOrientationLandscapeLeft UIInterfaceOrientationLandscapeRight";
				INFOPLIST_KEY_UISupportedInterfaceOrientations_iPhone = "UIInterfaceOrientationPortrait UIInterfaceOrientationLandscapeLeft UIInterfaceOrientationLandscapeRight";
				LD_RUNPATH_SEARCH_PATHS = (
					"$(inherited)",
					"@executable_path/Frameworks",
				);
				MARKETING_VERSION = 1.0;
				PRODUCT_BUNDLE_IDENTIFIER = None.PlacesIveBeen;
				PRODUCT_NAME = "$(TARGET_NAME)";
				SWIFT_EMIT_LOC_STRINGS = YES;
				SWIFT_VERSION = 5.0;
				TARGETED_DEVICE_FAMILY = "1,2";
			};
			name = Debug;
		};
		CCD755092AB39736002673F6 /* Release */ = {
			isa = XCBuildConfiguration;
			buildSettings = {
				ASSETCATALOG_COMPILER_APPICON_NAME = AppIcon;
				ASSETCATALOG_COMPILER_GLOBAL_ACCENT_COLOR_NAME = AccentColor;
				CODE_SIGN_STYLE = Automatic;
				CURRENT_PROJECT_VERSION = 1;
				DEVELOPMENT_ASSET_PATHS = "\"PlacesIveBeen/Preview Content\"";
				DEVELOPMENT_TEAM = 664FMHC4VF;
				ENABLE_PREVIEWS = YES;
				GENERATE_INFOPLIST_FILE = YES;
				INFOPLIST_KEY_CFBundleDisplayName = "Places I've Been";
				INFOPLIST_KEY_UIApplicationSceneManifest_Generation = YES;
				INFOPLIST_KEY_UIApplicationSupportsIndirectInputEvents = YES;
				INFOPLIST_KEY_UILaunchScreen_Generation = YES;
				INFOPLIST_KEY_UISupportedInterfaceOrientations_iPad = "UIInterfaceOrientationPortrait UIInterfaceOrientationPortraitUpsideDown UIInterfaceOrientationLandscapeLeft UIInterfaceOrientationLandscapeRight";
				INFOPLIST_KEY_UISupportedInterfaceOrientations_iPhone = "UIInterfaceOrientationPortrait UIInterfaceOrientationLandscapeLeft UIInterfaceOrientationLandscapeRight";
				LD_RUNPATH_SEARCH_PATHS = (
					"$(inherited)",
					"@executable_path/Frameworks",
				);
				MARKETING_VERSION = 1.0;
				PRODUCT_BUNDLE_IDENTIFIER = None.PlacesIveBeen;
				PRODUCT_NAME = "$(TARGET_NAME)";
				SWIFT_EMIT_LOC_STRINGS = YES;
				SWIFT_VERSION = 5.0;
				TARGETED_DEVICE_FAMILY = "1,2";
			};
			name = Release;
		};
/* End XCBuildConfiguration section */

/* Begin XCConfigurationList section */
		CCD754F42AB39734002673F6 /* Build configuration list for PBXProject "PlacesIveBeen" */ = {
			isa = XCConfigurationList;
			buildConfigurations = (
				CCD755052AB39736002673F6 /* Debug */,
				CCD755062AB39736002673F6 /* Release */,
			);
			defaultConfigurationIsVisible = 0;
			defaultConfigurationName = Release;
		};
		CCD755072AB39736002673F6 /* Build configuration list for PBXNativeTarget "PlacesIveBeen" */ = {
			isa = XCConfigurationList;
			buildConfigurations = (
				CCD755082AB39736002673F6 /* Debug */,
				CCD755092AB39736002673F6 /* Release */,
			);
			defaultConfigurationIsVisible = 0;
			defaultConfigurationName = Release;
		};
/* End XCConfigurationList section */

/* Begin XCRemoteSwiftPackageReference section */
		CCD7550C2AB39ADA002673F6 /* XCRemoteSwiftPackageReference "firebase-ios-sdk" */ = {
			isa = XCRemoteSwiftPackageReference;
			repositoryURL = "https://github.com/firebase/firebase-ios-sdk";
			requirement = {
				kind = upToNextMajorVersion;
				minimumVersion = 10.0.0;
			};
		};
/* End XCRemoteSwiftPackageReference section */

/* Begin XCSwiftPackageProductDependency section */
		CCD7550D2AB39ADA002673F6 /* FirebaseAuth */ = {
			isa = XCSwiftPackageProductDependency;
			package = CCD7550C2AB39ADA002673F6 /* XCRemoteSwiftPackageReference "firebase-ios-sdk" */;
			productName = FirebaseAuth;
		};
		CCD7550F2AB39ADA002673F6 /* FirebaseFirestore */ = {
			isa = XCSwiftPackageProductDependency;
			package = CCD7550C2AB39ADA002673F6 /* XCRemoteSwiftPackageReference "firebase-ios-sdk" */;
			productName = FirebaseFirestore;
		};
		CCD755112AB39ADA002673F6 /* FirebaseFirestoreSwift */ = {
			isa = XCSwiftPackageProductDependency;
			package = CCD7550C2AB39ADA002673F6 /* XCRemoteSwiftPackageReference "firebase-ios-sdk" */;
			productName = FirebaseFirestoreSwift;
		};
		CCD755132AB39ADA002673F6 /* FirebaseStorage */ = {
			isa = XCSwiftPackageProductDependency;
			package = CCD7550C2AB39ADA002673F6 /* XCRemoteSwiftPackageReference "firebase-ios-sdk" */;
			productName = FirebaseStorage;
		};
/* End XCSwiftPackageProductDependency section */
	};
	rootObject = CCD754F12AB39734002673F6 /* Project object */;
}
